
Microsoft Visual Studio Solution File, Format Version 12.00
# Visual Studio 15
VisualStudioVersion = 15.0.28307.329
MinimumVisualStudioVersion = 10.0.40219.1
Project("{FAE04EC0-301F-11D3-BF4B-00C04F79EFBC}") = "Homework1", "Homework1\Homework1.csproj", "{17D3FE92-8955-42DD-A6A7-4B84BF55498A}"
EndProject
Project("{FAE04EC0-301F-11D3-BF4B-00C04F79EFBC}") = "PrintMyName", "PrintMyName\PrintMyName.csproj", "{579C613D-415F-46F0-B06F-78DDB7434D1C}"
EndProject
Project("{FAE04EC0-301F-11D3-BF4B-00C04F79EFBC}") = "PrintingNumbers", "PrintingNumbers\PrintingNumbers.csproj", "{4C524C6E-A439-4155-BA03-C7EF2C40F0F7}"
EndProject
Project("{FAE04EC0-301F-11D3-BF4B-00C04F79EFBC}") = "FirstAndLastName", "FirstAndLastName\FirstAndLastName.csproj", "{DAB0BD67-386C-4382-B336-59878DFE6FD6}"
EndProject
Project("{FAE04EC0-301F-11D3-BF4B-00C04F79EFBC}") = "SquareRoot", "SquareRoot\SquareRoot.csproj", "{09395E62-39E2-4AC8-8D07-56B1264A7A12}"
EndProject
Project("{FAE04EC0-301F-11D3-BF4B-00C04F79EFBC}") = "PrintingSequence", "PrintingSequence\PrintingSequence.csproj", "{68D9951B-C26A-40DD-A679-4794F99129D7}"
EndProject
Project("{FAE04EC0-301F-11D3-BF4B-00C04F79EFBC}") = "HorribleCode", "HorribleCode\HorribleCode.csproj", "{80414BAA-26B2-4BBD-91D6-99D4FD87E4C5}"
EndProject
Project("{FAE04EC0-301F-11D3-BF4B-00C04F79EFBC}") = "DateTime", "DateTime\DateTime.csproj", "{DEAE51DC-987C-4BEE-BD9F-95D1910DD334}"
EndProject
Project("{FAE04EC0-301F-11D3-BF4B-00C04F79EFBC}") = "Age", "Age\Age.csproj", "{44D8EFBF-D540-4630-8930-634C77A732DE}"
EndProject
Project("{FAE04EC0-301F-11D3-BF4B-00C04F79EFBC}") = "DeclaringVariables", "DeclaringVariables\DeclaringVariables.csproj", "{F8549642-BF9D-4914-B87C-73C74AB6937E}"
EndProject
Project("{FAE04EC0-301F-11D3-BF4B-00C04F79EFBC}") = "FloatOrDouble", "FloatOrDouble\FloatOrDouble.csproj", "{2EA03C48-1F5A-4787-AE7C-4DD980480BEF}"
EndProject
Project("{FAE04EC0-301F-11D3-BF4B-00C04F79EFBC}") = "VariableInHexadecimalFormat", "VariableInHexadecimalFormat\VariableInHexadecimalFormat.csproj", "{C37427A7-A05A-4FEB-8527-DCB6DE19E598}"
EndProject
Project("{FAE04EC0-301F-11D3-BF4B-00C04F79EFBC}") = "UnicodeCharacter", "UnicodeCharacter\UnicodeCharacter.csproj", "{DC272F0F-5EC0-47CF-9480-719DE5315C1E}"
EndProject
Project("{FAE04EC0-301F-11D3-BF4B-00C04F79EFBC}") = "BooleanVariable", "BooleanVariable\BooleanVariable.csproj", "{FC7275D9-C741-4851-9604-B1B6A5917478}"
EndProject
Project("{FAE04EC0-301F-11D3-BF4B-00C04F79EFBC}") = "StringsAndObjects", "StringsAndObjects\StringsAndObjects.csproj", "{B5C64E04-1E95-4288-A0A2-010D12E9B689}"
EndProject
Project("{FAE04EC0-301F-11D3-BF4B-00C04F79EFBC}") = "QuotesInStrings", "QuotesInStrings\QuotesInStrings.csproj", "{5A456D76-3790-4185-A7F3-FB6802AC8309}"
EndProject
Project("{FAE04EC0-301F-11D3-BF4B-00C04F79EFBC}") = "IsoscelesTriangle", "IsoscelesTriangle\IsoscelesTriangle.csproj", "{098C321A-B4C6-42E5-ACA3-F68A2743D2A4}"
EndProject
Project("{FAE04EC0-301F-11D3-BF4B-00C04F79EFBC}") = "ExchangeVariableValues", "ExchangeVariableValues\ExchangeVariableValues.csproj", "{D161A116-34DD-40F5-9D86-4CE41152549B}"
EndProject
Project("{FAE04EC0-301F-11D3-BF4B-00C04F79EFBC}") = "EmployeeData", "EmployeeData\EmployeeData.csproj", "{A117038C-951D-42B9-976D-BF69E2857BE0}"
EndProject
Project("{FAE04EC0-301F-11D3-BF4B-00C04F79EFBC}") = "BankAccount", "BankAccount\BankAccount.csproj", "{5D39E8E6-430D-45DB-A937-8A22F9BBD379}"
EndProject
Project("{FAE04EC0-301F-11D3-BF4B-00C04F79EFBC}") = "NullValuesArithmetic", "NullValuesArithmetic\NullValuesArithmetic.csproj", "{7689087B-1510-4633-9CA9-FDC2C3199840}"
EndProject
Project("{FAE04EC0-301F-11D3-BF4B-00C04F79EFBC}") = "ComparingFloats", "ComparingFloats\ComparingFloats.csproj", "{D40FBAB1-9F84-4DCE-AEC9-8F993E86CCBF}"
EndProject
Project("{FAE04EC0-301F-11D3-BF4B-00C04F79EFBC}") = "ASCIITable", "ASCIITable\ASCIITable.csproj", "{266761E9-EBEF-45E2-965D-2424BDDB2C7F}"
EndProject
Project("{FAE04EC0-301F-11D3-BF4B-00C04F79EFBC}") = "OddOrEven", "OddOrEven\OddOrEven.csproj", "{BE81BE4F-5E9B-4506-8DCE-A513C64FED9E}"
EndProject
Project("{FAE04EC0-301F-11D3-BF4B-00C04F79EFBC}") = "MoonGravity", "MoonGravity\MoonGravity.csproj", "{680ED760-A9AF-448F-9AF7-46C692916ECC}"
EndProject
Project("{FAE04EC0-301F-11D3-BF4B-00C04F79EFBC}") = "DivideBySevenAndFive", "DivideBySevenAndFive\DivideBySevenAndFive.csproj", "{5384DDE7-2B69-4560-95DE-385886983D5C}"
EndProject
Project("{FAE04EC0-301F-11D3-BF4B-00C04F79EFBC}") = "Rectangles", "Rectangles\Rectangles.csproj", "{04F3EAD3-BFF9-4E68-8CB8-E9A96D409C73}"
EndProject
Project("{FAE04EC0-301F-11D3-BF4B-00C04F79EFBC}") = "ThirdDigit", "ThirdDigit\ThirdDigit.csproj", "{C374D66A-EC47-41BE-9B79-34E1A2781556}"
EndProject
Project("{FAE04EC0-301F-11D3-BF4B-00C04F79EFBC}") = "FourDigits", "FourDigits\FourDigits.csproj", "{B1F3A013-AD0C-40DD-8EC7-0BBCB8D8ABB1}"
EndProject
Project("{FAE04EC0-301F-11D3-BF4B-00C04F79EFBC}") = "PointInACircle", "PointInACircle\PointInACircle.csproj", "{17480635-75C6-43CC-9104-B945FD866270}"
EndProject
Project("{FAE04EC0-301F-11D3-BF4B-00C04F79EFBC}") = "PrimeCheck", "PrimeCheck\PrimeCheck.csproj", "{354CC01A-F510-432C-B2DC-66DA389C4BE9}"
EndProject
Project("{FAE04EC0-301F-11D3-BF4B-00C04F79EFBC}") = "Trapezoids", "Trapezoids\Trapezoids.csproj", "{981A77EC-6679-4E83-AC35-A61A6C202B64}"
EndProject
Project("{FAE04EC0-301F-11D3-BF4B-00C04F79EFBC}") = "PointCircleRectangle", "PointCircleRectangle\PointCircleRectangle.csproj", "{64B82551-7961-4795-B32E-D80931A29351}"
EndProject
Project("{FAE04EC0-301F-11D3-BF4B-00C04F79EFBC}") = "AMessageToStoyan", "AMessageToStoyan\AMessageToStoyan.csproj", "{56E26F02-B281-4717-82E5-9FDEE8B617F4}"
EndProject
Project("{FAE04EC0-301F-11D3-BF4B-00C04F79EFBC}") = "IHaveToCommit", "IHaveToCommit\IHaveToCommit.csproj", "{CD9E4F91-4173-4C9C-AEDC-DA7097EF3430}"
EndProject
Project("{FAE04EC0-301F-11D3-BF4B-00C04F79EFBC}") = "SumOfThreeNumbers", "SumOfThreeNumbers\SumOfThreeNumbers.csproj", "{581FD67B-00B5-4C48-B0AA-2DD24FDC5680}"
EndProject
Project("{FAE04EC0-301F-11D3-BF4B-00C04F79EFBC}") = "CompanyInfo", "CompanyInfo\CompanyInfo.csproj", "{A9C17A0F-96FB-49AC-913B-69B20BADC483}"
EndProject
Project("{FAE04EC0-301F-11D3-BF4B-00C04F79EFBC}") = "Circle", "Circle\Circle.csproj", "{BF85F86F-F750-4D3D-9F12-02FC0DFBB4BF}"
EndProject
Project("{FAE04EC0-301F-11D3-BF4B-00C04F79EFBC}") = "FormattingNumbers", "FormattingNumbers\FormattingNumbers.csproj", "{DF935941-0526-449F-B87B-3D59FC352D24}"
EndProject
Project("{FAE04EC0-301F-11D3-BF4B-00C04F79EFBC}") = "NumberComparer", "NumberCompape\NumberComparer.csproj", "{F589894D-2D89-42E4-BA4A-947B8CA46342}"
EndProject
Project("{FAE04EC0-301F-11D3-BF4B-00C04F79EFBC}") = "QuadraticEquation", "QuadraticEquation\QuadraticEquation.csproj", "{F6E2ABE2-5580-40C6-BB74-54FB21EC1B98}"
EndProject
Project("{FAE04EC0-301F-11D3-BF4B-00C04F79EFBC}") = "SumOfFiveNumbers", "SumOfFiveNumbers\SumOfFiveNumbers.csproj", "{77E235C9-320F-4F27-9F9F-F82298EA5778}"
EndProject
Project("{FAE04EC0-301F-11D3-BF4B-00C04F79EFBC}") = "NumbersFromOneToN", "NumbersFromOneToN\NumbersFromOneToN.csproj", "{BC866974-29D5-4600-91EB-CD5660B698CE}"
EndProject
Project("{FAE04EC0-301F-11D3-BF4B-00C04F79EFBC}") = "FibonacciNumbers", "SumOfNNumbers\FibonacciNumbers.csproj", "{C2607A86-98DC-4AEC-A5CE-B2D312F545D9}"
EndProject
Project("{FAE04EC0-301F-11D3-BF4B-00C04F79EFBC}") = "SumOfNNumb", "SumOfNNumb\SumOfNNumb.csproj", "{9A51CA1B-B2A6-4792-A561-EA42AC9603F2}"
EndProject
Project("{FAE04EC0-301F-11D3-BF4B-00C04F79EFBC}") = "ExchangeNumbers", "ExchangeNumbers\ExchangeNumbers.csproj", "{4AC1A126-AEF6-43DE-8306-39969AB6FD78}"
EndProject
Project("{FAE04EC0-301F-11D3-BF4B-00C04F79EFBC}") = "BonusScore", "BonusScore\BonusScore.csproj", "{A1360CCE-186D-4667-8823-25DE5F31428C}"
EndProject
Project("{FAE04EC0-301F-11D3-BF4B-00C04F79EFBC}") = "Playcard", "Playcard\Playcard.csproj", "{3BFF7FCE-CEDF-48AC-976C-F03FA85CE2EE}"
EndProject
Project("{FAE04EC0-301F-11D3-BF4B-00C04F79EFBC}") = "MultiplicationSign", "MultiplicationSign\MultiplicationSign.csproj", "{2979F3A0-E281-4901-A1D1-5F20D7712BDF}"
EndProject
Project("{FAE04EC0-301F-11D3-BF4B-00C04F79EFBC}") = "BiggestOfThree", "BiggestOfThree\BiggestOfThree.csproj", "{80C13431-FBD1-475B-9691-D0D819E93337}"
EndProject
Project("{FAE04EC0-301F-11D3-BF4B-00C04F79EFBC}") = "BiggestOfFive", "BiggestOfFive\BiggestOfFive.csproj", "{56B3C653-C5D5-4F39-816E-855C70B728C3}"
EndProject
Project("{FAE04EC0-301F-11D3-BF4B-00C04F79EFBC}") = "SortThreeNumbers", "SortThreeNumbers\SortThreeNumbers.csproj", "{25487012-03F3-4898-A51C-274B15EA02DB}"
EndProject
Project("{FAE04EC0-301F-11D3-BF4B-00C04F79EFBC}") = "DigitAsWord", "DigitAsWord\DigitAsWord.csproj", "{15631129-C09B-4DBF-B880-BE78C11459A9}"
EndProject
Project("{FAE04EC0-301F-11D3-BF4B-00C04F79EFBC}") = "IntDoubleString", "IntDoubleString\IntDoubleString.csproj", "{9C5089F1-D08F-40B7-9892-3B2D6C409BED}"
EndProject
Project("{FAE04EC0-301F-11D3-BF4B-00C04F79EFBC}") = "Game", "Game\Game.csproj", "{35067E7C-E60B-4E85-B8A2-2EE087E5DDD1}"
EndProject
Project("{FAE04EC0-301F-11D3-BF4B-00C04F79EFBC}") = "NumbersFromOneToNTwoForSomeReason", "NumbersFromOneToNTwoForSomeReason\NumbersFromOneToNTwoForSomeReason.csproj", "{2FB02F22-3A68-4F25-8819-5DB200061C65}"
EndProject
Project("{FAE04EC0-301F-11D3-BF4B-00C04F79EFBC}") = "NotDivisibleNumbers", "NotDivisibleNumbers\NotDivisibleNumbers.csproj", "{2482073B-BE03-47A2-86B4-13EA1C363CFA}"
EndProject
Project("{FAE04EC0-301F-11D3-BF4B-00C04F79EFBC}") = "MMSAOfNNumbers", "MMSAOfNNumbers\MMSAOfNNumbers.csproj", "{134D4429-1101-44CA-9737-36D2B11AF51B}"
EndProject
Project("{FAE04EC0-301F-11D3-BF4B-00C04F79EFBC}") = "PrintADeck", "PrintADeck\PrintADeck.csproj", "{2D66E9A9-92BF-4605-B1F9-52B9E853C364}"
EndProject
Project("{FAE04EC0-301F-11D3-BF4B-00C04F79EFBC}") = "Calculate", "Calculate\Calculate.csproj", "{A21E2AA6-3DF0-40D0-A641-D2416EA8F02D}"
EndProject
Project("{FAE04EC0-301F-11D3-BF4B-00C04F79EFBC}") = "CalculateAgain", "CalculateAgain\CalculateAgain.csproj", "{33FCCD2C-2555-44AF-B46B-CDBB6981A835}"
EndProject
Global
	GlobalSection(SolutionConfigurationPlatforms) = preSolution
		Debug|Any CPU = Debug|Any CPU
		Release|Any CPU = Release|Any CPU
	EndGlobalSection
	GlobalSection(ProjectConfigurationPlatforms) = postSolution
		{17D3FE92-8955-42DD-A6A7-4B84BF55498A}.Debug|Any CPU.ActiveCfg = Debug|Any CPU
		{17D3FE92-8955-42DD-A6A7-4B84BF55498A}.Debug|Any CPU.Build.0 = Debug|Any CPU
		{17D3FE92-8955-42DD-A6A7-4B84BF55498A}.Release|Any CPU.ActiveCfg = Release|Any CPU
		{17D3FE92-8955-42DD-A6A7-4B84BF55498A}.Release|Any CPU.Build.0 = Release|Any CPU
		{579C613D-415F-46F0-B06F-78DDB7434D1C}.Debug|Any CPU.ActiveCfg = Debug|Any CPU
		{579C613D-415F-46F0-B06F-78DDB7434D1C}.Debug|Any CPU.Build.0 = Debug|Any CPU
		{579C613D-415F-46F0-B06F-78DDB7434D1C}.Release|Any CPU.ActiveCfg = Release|Any CPU
		{579C613D-415F-46F0-B06F-78DDB7434D1C}.Release|Any CPU.Build.0 = Release|Any CPU
		{4C524C6E-A439-4155-BA03-C7EF2C40F0F7}.Debug|Any CPU.ActiveCfg = Debug|Any CPU
		{4C524C6E-A439-4155-BA03-C7EF2C40F0F7}.Debug|Any CPU.Build.0 = Debug|Any CPU
		{4C524C6E-A439-4155-BA03-C7EF2C40F0F7}.Release|Any CPU.ActiveCfg = Release|Any CPU
		{4C524C6E-A439-4155-BA03-C7EF2C40F0F7}.Release|Any CPU.Build.0 = Release|Any CPU
		{DAB0BD67-386C-4382-B336-59878DFE6FD6}.Debug|Any CPU.ActiveCfg = Debug|Any CPU
		{DAB0BD67-386C-4382-B336-59878DFE6FD6}.Debug|Any CPU.Build.0 = Debug|Any CPU
		{DAB0BD67-386C-4382-B336-59878DFE6FD6}.Release|Any CPU.ActiveCfg = Release|Any CPU
		{DAB0BD67-386C-4382-B336-59878DFE6FD6}.Release|Any CPU.Build.0 = Release|Any CPU
		{09395E62-39E2-4AC8-8D07-56B1264A7A12}.Debug|Any CPU.ActiveCfg = Debug|Any CPU
		{09395E62-39E2-4AC8-8D07-56B1264A7A12}.Debug|Any CPU.Build.0 = Debug|Any CPU
		{09395E62-39E2-4AC8-8D07-56B1264A7A12}.Release|Any CPU.ActiveCfg = Release|Any CPU
		{09395E62-39E2-4AC8-8D07-56B1264A7A12}.Release|Any CPU.Build.0 = Release|Any CPU
		{68D9951B-C26A-40DD-A679-4794F99129D7}.Debug|Any CPU.ActiveCfg = Debug|Any CPU
		{68D9951B-C26A-40DD-A679-4794F99129D7}.Debug|Any CPU.Build.0 = Debug|Any CPU
		{68D9951B-C26A-40DD-A679-4794F99129D7}.Release|Any CPU.ActiveCfg = Release|Any CPU
		{68D9951B-C26A-40DD-A679-4794F99129D7}.Release|Any CPU.Build.0 = Release|Any CPU
		{80414BAA-26B2-4BBD-91D6-99D4FD87E4C5}.Debug|Any CPU.ActiveCfg = Debug|Any CPU
		{80414BAA-26B2-4BBD-91D6-99D4FD87E4C5}.Debug|Any CPU.Build.0 = Debug|Any CPU
		{80414BAA-26B2-4BBD-91D6-99D4FD87E4C5}.Release|Any CPU.ActiveCfg = Release|Any CPU
		{80414BAA-26B2-4BBD-91D6-99D4FD87E4C5}.Release|Any CPU.Build.0 = Release|Any CPU
		{DEAE51DC-987C-4BEE-BD9F-95D1910DD334}.Debug|Any CPU.ActiveCfg = Debug|Any CPU
		{DEAE51DC-987C-4BEE-BD9F-95D1910DD334}.Debug|Any CPU.Build.0 = Debug|Any CPU
		{DEAE51DC-987C-4BEE-BD9F-95D1910DD334}.Release|Any CPU.ActiveCfg = Release|Any CPU
		{DEAE51DC-987C-4BEE-BD9F-95D1910DD334}.Release|Any CPU.Build.0 = Release|Any CPU
		{44D8EFBF-D540-4630-8930-634C77A732DE}.Debug|Any CPU.ActiveCfg = Debug|Any CPU
		{44D8EFBF-D540-4630-8930-634C77A732DE}.Debug|Any CPU.Build.0 = Debug|Any CPU
		{44D8EFBF-D540-4630-8930-634C77A732DE}.Release|Any CPU.ActiveCfg = Release|Any CPU
		{44D8EFBF-D540-4630-8930-634C77A732DE}.Release|Any CPU.Build.0 = Release|Any CPU
		{F8549642-BF9D-4914-B87C-73C74AB6937E}.Debug|Any CPU.ActiveCfg = Debug|Any CPU
		{F8549642-BF9D-4914-B87C-73C74AB6937E}.Debug|Any CPU.Build.0 = Debug|Any CPU
		{F8549642-BF9D-4914-B87C-73C74AB6937E}.Release|Any CPU.ActiveCfg = Release|Any CPU
		{F8549642-BF9D-4914-B87C-73C74AB6937E}.Release|Any CPU.Build.0 = Release|Any CPU
		{2EA03C48-1F5A-4787-AE7C-4DD980480BEF}.Debug|Any CPU.ActiveCfg = Debug|Any CPU
		{2EA03C48-1F5A-4787-AE7C-4DD980480BEF}.Debug|Any CPU.Build.0 = Debug|Any CPU
		{2EA03C48-1F5A-4787-AE7C-4DD980480BEF}.Release|Any CPU.ActiveCfg = Release|Any CPU
		{2EA03C48-1F5A-4787-AE7C-4DD980480BEF}.Release|Any CPU.Build.0 = Release|Any CPU
		{C37427A7-A05A-4FEB-8527-DCB6DE19E598}.Debug|Any CPU.ActiveCfg = Debug|Any CPU
		{C37427A7-A05A-4FEB-8527-DCB6DE19E598}.Debug|Any CPU.Build.0 = Debug|Any CPU
		{C37427A7-A05A-4FEB-8527-DCB6DE19E598}.Release|Any CPU.ActiveCfg = Release|Any CPU
		{C37427A7-A05A-4FEB-8527-DCB6DE19E598}.Release|Any CPU.Build.0 = Release|Any CPU
		{DC272F0F-5EC0-47CF-9480-719DE5315C1E}.Debug|Any CPU.ActiveCfg = Debug|Any CPU
		{DC272F0F-5EC0-47CF-9480-719DE5315C1E}.Debug|Any CPU.Build.0 = Debug|Any CPU
		{DC272F0F-5EC0-47CF-9480-719DE5315C1E}.Release|Any CPU.ActiveCfg = Release|Any CPU
		{DC272F0F-5EC0-47CF-9480-719DE5315C1E}.Release|Any CPU.Build.0 = Release|Any CPU
		{FC7275D9-C741-4851-9604-B1B6A5917478}.Debug|Any CPU.ActiveCfg = Debug|Any CPU
		{FC7275D9-C741-4851-9604-B1B6A5917478}.Debug|Any CPU.Build.0 = Debug|Any CPU
		{FC7275D9-C741-4851-9604-B1B6A5917478}.Release|Any CPU.ActiveCfg = Release|Any CPU
		{FC7275D9-C741-4851-9604-B1B6A5917478}.Release|Any CPU.Build.0 = Release|Any CPU
		{B5C64E04-1E95-4288-A0A2-010D12E9B689}.Debug|Any CPU.ActiveCfg = Debug|Any CPU
		{B5C64E04-1E95-4288-A0A2-010D12E9B689}.Debug|Any CPU.Build.0 = Debug|Any CPU
		{B5C64E04-1E95-4288-A0A2-010D12E9B689}.Release|Any CPU.ActiveCfg = Release|Any CPU
		{B5C64E04-1E95-4288-A0A2-010D12E9B689}.Release|Any CPU.Build.0 = Release|Any CPU
		{5A456D76-3790-4185-A7F3-FB6802AC8309}.Debug|Any CPU.ActiveCfg = Debug|Any CPU
		{5A456D76-3790-4185-A7F3-FB6802AC8309}.Debug|Any CPU.Build.0 = Debug|Any CPU
		{5A456D76-3790-4185-A7F3-FB6802AC8309}.Release|Any CPU.ActiveCfg = Release|Any CPU
		{5A456D76-3790-4185-A7F3-FB6802AC8309}.Release|Any CPU.Build.0 = Release|Any CPU
		{098C321A-B4C6-42E5-ACA3-F68A2743D2A4}.Debug|Any CPU.ActiveCfg = Debug|Any CPU
		{098C321A-B4C6-42E5-ACA3-F68A2743D2A4}.Debug|Any CPU.Build.0 = Debug|Any CPU
		{098C321A-B4C6-42E5-ACA3-F68A2743D2A4}.Release|Any CPU.ActiveCfg = Release|Any CPU
		{098C321A-B4C6-42E5-ACA3-F68A2743D2A4}.Release|Any CPU.Build.0 = Release|Any CPU
		{D161A116-34DD-40F5-9D86-4CE41152549B}.Debug|Any CPU.ActiveCfg = Debug|Any CPU
		{D161A116-34DD-40F5-9D86-4CE41152549B}.Debug|Any CPU.Build.0 = Debug|Any CPU
		{D161A116-34DD-40F5-9D86-4CE41152549B}.Release|Any CPU.ActiveCfg = Release|Any CPU
		{D161A116-34DD-40F5-9D86-4CE41152549B}.Release|Any CPU.Build.0 = Release|Any CPU
		{A117038C-951D-42B9-976D-BF69E2857BE0}.Debug|Any CPU.ActiveCfg = Debug|Any CPU
		{A117038C-951D-42B9-976D-BF69E2857BE0}.Debug|Any CPU.Build.0 = Debug|Any CPU
		{A117038C-951D-42B9-976D-BF69E2857BE0}.Release|Any CPU.ActiveCfg = Release|Any CPU
		{A117038C-951D-42B9-976D-BF69E2857BE0}.Release|Any CPU.Build.0 = Release|Any CPU
		{5D39E8E6-430D-45DB-A937-8A22F9BBD379}.Debug|Any CPU.ActiveCfg = Debug|Any CPU
		{5D39E8E6-430D-45DB-A937-8A22F9BBD379}.Debug|Any CPU.Build.0 = Debug|Any CPU
		{5D39E8E6-430D-45DB-A937-8A22F9BBD379}.Release|Any CPU.ActiveCfg = Release|Any CPU
		{5D39E8E6-430D-45DB-A937-8A22F9BBD379}.Release|Any CPU.Build.0 = Release|Any CPU
		{7689087B-1510-4633-9CA9-FDC2C3199840}.Debug|Any CPU.ActiveCfg = Debug|Any CPU
		{7689087B-1510-4633-9CA9-FDC2C3199840}.Debug|Any CPU.Build.0 = Debug|Any CPU
		{7689087B-1510-4633-9CA9-FDC2C3199840}.Release|Any CPU.ActiveCfg = Release|Any CPU
		{7689087B-1510-4633-9CA9-FDC2C3199840}.Release|Any CPU.Build.0 = Release|Any CPU
		{D40FBAB1-9F84-4DCE-AEC9-8F993E86CCBF}.Debug|Any CPU.ActiveCfg = Debug|Any CPU
		{D40FBAB1-9F84-4DCE-AEC9-8F993E86CCBF}.Debug|Any CPU.Build.0 = Debug|Any CPU
		{D40FBAB1-9F84-4DCE-AEC9-8F993E86CCBF}.Release|Any CPU.ActiveCfg = Release|Any CPU
		{D40FBAB1-9F84-4DCE-AEC9-8F993E86CCBF}.Release|Any CPU.Build.0 = Release|Any CPU
		{266761E9-EBEF-45E2-965D-2424BDDB2C7F}.Debug|Any CPU.ActiveCfg = Debug|Any CPU
		{266761E9-EBEF-45E2-965D-2424BDDB2C7F}.Debug|Any CPU.Build.0 = Debug|Any CPU
		{266761E9-EBEF-45E2-965D-2424BDDB2C7F}.Release|Any CPU.ActiveCfg = Release|Any CPU
		{266761E9-EBEF-45E2-965D-2424BDDB2C7F}.Release|Any CPU.Build.0 = Release|Any CPU
		{BE81BE4F-5E9B-4506-8DCE-A513C64FED9E}.Debug|Any CPU.ActiveCfg = Debug|Any CPU
		{BE81BE4F-5E9B-4506-8DCE-A513C64FED9E}.Debug|Any CPU.Build.0 = Debug|Any CPU
		{BE81BE4F-5E9B-4506-8DCE-A513C64FED9E}.Release|Any CPU.ActiveCfg = Release|Any CPU
		{BE81BE4F-5E9B-4506-8DCE-A513C64FED9E}.Release|Any CPU.Build.0 = Release|Any CPU
		{680ED760-A9AF-448F-9AF7-46C692916ECC}.Debug|Any CPU.ActiveCfg = Debug|Any CPU
		{680ED760-A9AF-448F-9AF7-46C692916ECC}.Debug|Any CPU.Build.0 = Debug|Any CPU
		{680ED760-A9AF-448F-9AF7-46C692916ECC}.Release|Any CPU.ActiveCfg = Release|Any CPU
		{680ED760-A9AF-448F-9AF7-46C692916ECC}.Release|Any CPU.Build.0 = Release|Any CPU
		{5384DDE7-2B69-4560-95DE-385886983D5C}.Debug|Any CPU.ActiveCfg = Debug|Any CPU
		{5384DDE7-2B69-4560-95DE-385886983D5C}.Debug|Any CPU.Build.0 = Debug|Any CPU
		{5384DDE7-2B69-4560-95DE-385886983D5C}.Release|Any CPU.ActiveCfg = Release|Any CPU
		{5384DDE7-2B69-4560-95DE-385886983D5C}.Release|Any CPU.Build.0 = Release|Any CPU
		{04F3EAD3-BFF9-4E68-8CB8-E9A96D409C73}.Debug|Any CPU.ActiveCfg = Debug|Any CPU
		{04F3EAD3-BFF9-4E68-8CB8-E9A96D409C73}.Debug|Any CPU.Build.0 = Debug|Any CPU
		{04F3EAD3-BFF9-4E68-8CB8-E9A96D409C73}.Release|Any CPU.ActiveCfg = Release|Any CPU
		{04F3EAD3-BFF9-4E68-8CB8-E9A96D409C73}.Release|Any CPU.Build.0 = Release|Any CPU
		{C374D66A-EC47-41BE-9B79-34E1A2781556}.Debug|Any CPU.ActiveCfg = Debug|Any CPU
		{C374D66A-EC47-41BE-9B79-34E1A2781556}.Debug|Any CPU.Build.0 = Debug|Any CPU
		{C374D66A-EC47-41BE-9B79-34E1A2781556}.Release|Any CPU.ActiveCfg = Release|Any CPU
		{C374D66A-EC47-41BE-9B79-34E1A2781556}.Release|Any CPU.Build.0 = Release|Any CPU
		{B1F3A013-AD0C-40DD-8EC7-0BBCB8D8ABB1}.Debug|Any CPU.ActiveCfg = Debug|Any CPU
		{B1F3A013-AD0C-40DD-8EC7-0BBCB8D8ABB1}.Debug|Any CPU.Build.0 = Debug|Any CPU
		{B1F3A013-AD0C-40DD-8EC7-0BBCB8D8ABB1}.Release|Any CPU.ActiveCfg = Release|Any CPU
		{B1F3A013-AD0C-40DD-8EC7-0BBCB8D8ABB1}.Release|Any CPU.Build.0 = Release|Any CPU
		{17480635-75C6-43CC-9104-B945FD866270}.Debug|Any CPU.ActiveCfg = Debug|Any CPU
		{17480635-75C6-43CC-9104-B945FD866270}.Debug|Any CPU.Build.0 = Debug|Any CPU
		{17480635-75C6-43CC-9104-B945FD866270}.Release|Any CPU.ActiveCfg = Release|Any CPU
		{17480635-75C6-43CC-9104-B945FD866270}.Release|Any CPU.Build.0 = Release|Any CPU
		{354CC01A-F510-432C-B2DC-66DA389C4BE9}.Debug|Any CPU.ActiveCfg = Debug|Any CPU
		{354CC01A-F510-432C-B2DC-66DA389C4BE9}.Debug|Any CPU.Build.0 = Debug|Any CPU
		{354CC01A-F510-432C-B2DC-66DA389C4BE9}.Release|Any CPU.ActiveCfg = Release|Any CPU
		{354CC01A-F510-432C-B2DC-66DA389C4BE9}.Release|Any CPU.Build.0 = Release|Any CPU
		{981A77EC-6679-4E83-AC35-A61A6C202B64}.Debug|Any CPU.ActiveCfg = Debug|Any CPU
		{981A77EC-6679-4E83-AC35-A61A6C202B64}.Debug|Any CPU.Build.0 = Debug|Any CPU
		{981A77EC-6679-4E83-AC35-A61A6C202B64}.Release|Any CPU.ActiveCfg = Release|Any CPU
		{981A77EC-6679-4E83-AC35-A61A6C202B64}.Release|Any CPU.Build.0 = Release|Any CPU
		{64B82551-7961-4795-B32E-D80931A29351}.Debug|Any CPU.ActiveCfg = Debug|Any CPU
		{64B82551-7961-4795-B32E-D80931A29351}.Debug|Any CPU.Build.0 = Debug|Any CPU
		{64B82551-7961-4795-B32E-D80931A29351}.Release|Any CPU.ActiveCfg = Release|Any CPU
		{64B82551-7961-4795-B32E-D80931A29351}.Release|Any CPU.Build.0 = Release|Any CPU
		{56E26F02-B281-4717-82E5-9FDEE8B617F4}.Debug|Any CPU.ActiveCfg = Debug|Any CPU
		{56E26F02-B281-4717-82E5-9FDEE8B617F4}.Debug|Any CPU.Build.0 = Debug|Any CPU
		{56E26F02-B281-4717-82E5-9FDEE8B617F4}.Release|Any CPU.ActiveCfg = Release|Any CPU
		{56E26F02-B281-4717-82E5-9FDEE8B617F4}.Release|Any CPU.Build.0 = Release|Any CPU
		{CD9E4F91-4173-4C9C-AEDC-DA7097EF3430}.Debug|Any CPU.ActiveCfg = Debug|Any CPU
		{CD9E4F91-4173-4C9C-AEDC-DA7097EF3430}.Debug|Any CPU.Build.0 = Debug|Any CPU
		{CD9E4F91-4173-4C9C-AEDC-DA7097EF3430}.Release|Any CPU.ActiveCfg = Release|Any CPU
		{CD9E4F91-4173-4C9C-AEDC-DA7097EF3430}.Release|Any CPU.Build.0 = Release|Any CPU
		{581FD67B-00B5-4C48-B0AA-2DD24FDC5680}.Debug|Any CPU.ActiveCfg = Debug|Any CPU
		{581FD67B-00B5-4C48-B0AA-2DD24FDC5680}.Debug|Any CPU.Build.0 = Debug|Any CPU
		{581FD67B-00B5-4C48-B0AA-2DD24FDC5680}.Release|Any CPU.ActiveCfg = Release|Any CPU
		{581FD67B-00B5-4C48-B0AA-2DD24FDC5680}.Release|Any CPU.Build.0 = Release|Any CPU
		{A9C17A0F-96FB-49AC-913B-69B20BADC483}.Debug|Any CPU.ActiveCfg = Debug|Any CPU
		{A9C17A0F-96FB-49AC-913B-69B20BADC483}.Debug|Any CPU.Build.0 = Debug|Any CPU
		{A9C17A0F-96FB-49AC-913B-69B20BADC483}.Release|Any CPU.ActiveCfg = Release|Any CPU
		{A9C17A0F-96FB-49AC-913B-69B20BADC483}.Release|Any CPU.Build.0 = Release|Any CPU
		{BF85F86F-F750-4D3D-9F12-02FC0DFBB4BF}.Debug|Any CPU.ActiveCfg = Debug|Any CPU
		{BF85F86F-F750-4D3D-9F12-02FC0DFBB4BF}.Debug|Any CPU.Build.0 = Debug|Any CPU
		{BF85F86F-F750-4D3D-9F12-02FC0DFBB4BF}.Release|Any CPU.ActiveCfg = Release|Any CPU
		{BF85F86F-F750-4D3D-9F12-02FC0DFBB4BF}.Release|Any CPU.Build.0 = Release|Any CPU
		{DF935941-0526-449F-B87B-3D59FC352D24}.Debug|Any CPU.ActiveCfg = Debug|Any CPU
		{DF935941-0526-449F-B87B-3D59FC352D24}.Debug|Any CPU.Build.0 = Debug|Any CPU
		{DF935941-0526-449F-B87B-3D59FC352D24}.Release|Any CPU.ActiveCfg = Release|Any CPU
		{DF935941-0526-449F-B87B-3D59FC352D24}.Release|Any CPU.Build.0 = Release|Any CPU
		{F589894D-2D89-42E4-BA4A-947B8CA46342}.Debug|Any CPU.ActiveCfg = Debug|Any CPU
		{F589894D-2D89-42E4-BA4A-947B8CA46342}.Debug|Any CPU.Build.0 = Debug|Any CPU
		{F589894D-2D89-42E4-BA4A-947B8CA46342}.Release|Any CPU.ActiveCfg = Release|Any CPU
		{F589894D-2D89-42E4-BA4A-947B8CA46342}.Release|Any CPU.Build.0 = Release|Any CPU
		{F6E2ABE2-5580-40C6-BB74-54FB21EC1B98}.Debug|Any CPU.ActiveCfg = Debug|Any CPU
		{F6E2ABE2-5580-40C6-BB74-54FB21EC1B98}.Debug|Any CPU.Build.0 = Debug|Any CPU
		{F6E2ABE2-5580-40C6-BB74-54FB21EC1B98}.Release|Any CPU.ActiveCfg = Release|Any CPU
		{F6E2ABE2-5580-40C6-BB74-54FB21EC1B98}.Release|Any CPU.Build.0 = Release|Any CPU
		{77E235C9-320F-4F27-9F9F-F82298EA5778}.Debug|Any CPU.ActiveCfg = Debug|Any CPU
		{77E235C9-320F-4F27-9F9F-F82298EA5778}.Debug|Any CPU.Build.0 = Debug|Any CPU
		{77E235C9-320F-4F27-9F9F-F82298EA5778}.Release|Any CPU.ActiveCfg = Release|Any CPU
		{77E235C9-320F-4F27-9F9F-F82298EA5778}.Release|Any CPU.Build.0 = Release|Any CPU
		{BC866974-29D5-4600-91EB-CD5660B698CE}.Debug|Any CPU.ActiveCfg = Debug|Any CPU
		{BC866974-29D5-4600-91EB-CD5660B698CE}.Debug|Any CPU.Build.0 = Debug|Any CPU
		{BC866974-29D5-4600-91EB-CD5660B698CE}.Release|Any CPU.ActiveCfg = Release|Any CPU
		{BC866974-29D5-4600-91EB-CD5660B698CE}.Release|Any CPU.Build.0 = Release|Any CPU
		{C2607A86-98DC-4AEC-A5CE-B2D312F545D9}.Debug|Any CPU.ActiveCfg = Debug|Any CPU
		{C2607A86-98DC-4AEC-A5CE-B2D312F545D9}.Debug|Any CPU.Build.0 = Debug|Any CPU
		{C2607A86-98DC-4AEC-A5CE-B2D312F545D9}.Release|Any CPU.ActiveCfg = Release|Any CPU
		{C2607A86-98DC-4AEC-A5CE-B2D312F545D9}.Release|Any CPU.Build.0 = Release|Any CPU
		{9A51CA1B-B2A6-4792-A561-EA42AC9603F2}.Debug|Any CPU.ActiveCfg = Debug|Any CPU
		{9A51CA1B-B2A6-4792-A561-EA42AC9603F2}.Debug|Any CPU.Build.0 = Debug|Any CPU
		{9A51CA1B-B2A6-4792-A561-EA42AC9603F2}.Release|Any CPU.ActiveCfg = Release|Any CPU
		{9A51CA1B-B2A6-4792-A561-EA42AC9603F2}.Release|Any CPU.Build.0 = Release|Any CPU
		{4AC1A126-AEF6-43DE-8306-39969AB6FD78}.Debug|Any CPU.ActiveCfg = Debug|Any CPU
		{4AC1A126-AEF6-43DE-8306-39969AB6FD78}.Debug|Any CPU.Build.0 = Debug|Any CPU
		{4AC1A126-AEF6-43DE-8306-39969AB6FD78}.Release|Any CPU.ActiveCfg = Release|Any CPU
		{4AC1A126-AEF6-43DE-8306-39969AB6FD78}.Release|Any CPU.Build.0 = Release|Any CPU
		{A1360CCE-186D-4667-8823-25DE5F31428C}.Debug|Any CPU.ActiveCfg = Debug|Any CPU
		{A1360CCE-186D-4667-8823-25DE5F31428C}.Debug|Any CPU.Build.0 = Debug|Any CPU
		{A1360CCE-186D-4667-8823-25DE5F31428C}.Release|Any CPU.ActiveCfg = Release|Any CPU
		{A1360CCE-186D-4667-8823-25DE5F31428C}.Release|Any CPU.Build.0 = Release|Any CPU
		{3BFF7FCE-CEDF-48AC-976C-F03FA85CE2EE}.Debug|Any CPU.ActiveCfg = Debug|Any CPU
		{3BFF7FCE-CEDF-48AC-976C-F03FA85CE2EE}.Debug|Any CPU.Build.0 = Debug|Any CPU
		{3BFF7FCE-CEDF-48AC-976C-F03FA85CE2EE}.Release|Any CPU.ActiveCfg = Release|Any CPU
		{3BFF7FCE-CEDF-48AC-976C-F03FA85CE2EE}.Release|Any CPU.Build.0 = Release|Any CPU
		{2979F3A0-E281-4901-A1D1-5F20D7712BDF}.Debug|Any CPU.ActiveCfg = Debug|Any CPU
		{2979F3A0-E281-4901-A1D1-5F20D7712BDF}.Debug|Any CPU.Build.0 = Debug|Any CPU
		{2979F3A0-E281-4901-A1D1-5F20D7712BDF}.Release|Any CPU.ActiveCfg = Release|Any CPU
		{2979F3A0-E281-4901-A1D1-5F20D7712BDF}.Release|Any CPU.Build.0 = Release|Any CPU
		{80C13431-FBD1-475B-9691-D0D819E93337}.Debug|Any CPU.ActiveCfg = Debug|Any CPU
		{80C13431-FBD1-475B-9691-D0D819E93337}.Debug|Any CPU.Build.0 = Debug|Any CPU
		{80C13431-FBD1-475B-9691-D0D819E93337}.Release|Any CPU.ActiveCfg = Release|Any CPU
		{80C13431-FBD1-475B-9691-D0D819E93337}.Release|Any CPU.Build.0 = Release|Any CPU
		{56B3C653-C5D5-4F39-816E-855C70B728C3}.Debug|Any CPU.ActiveCfg = Debug|Any CPU
		{56B3C653-C5D5-4F39-816E-855C70B728C3}.Debug|Any CPU.Build.0 = Debug|Any CPU
		{56B3C653-C5D5-4F39-816E-855C70B728C3}.Release|Any CPU.ActiveCfg = Release|Any CPU
		{56B3C653-C5D5-4F39-816E-855C70B728C3}.Release|Any CPU.Build.0 = Release|Any CPU
		{25487012-03F3-4898-A51C-274B15EA02DB}.Debug|Any CPU.ActiveCfg = Debug|Any CPU
		{25487012-03F3-4898-A51C-274B15EA02DB}.Debug|Any CPU.Build.0 = Debug|Any CPU
		{25487012-03F3-4898-A51C-274B15EA02DB}.Release|Any CPU.ActiveCfg = Release|Any CPU
		{25487012-03F3-4898-A51C-274B15EA02DB}.Release|Any CPU.Build.0 = Release|Any CPU
		{15631129-C09B-4DBF-B880-BE78C11459A9}.Debug|Any CPU.ActiveCfg = Debug|Any CPU
		{15631129-C09B-4DBF-B880-BE78C11459A9}.Debug|Any CPU.Build.0 = Debug|Any CPU
		{15631129-C09B-4DBF-B880-BE78C11459A9}.Release|Any CPU.ActiveCfg = Release|Any CPU
		{15631129-C09B-4DBF-B880-BE78C11459A9}.Release|Any CPU.Build.0 = Release|Any CPU
		{9C5089F1-D08F-40B7-9892-3B2D6C409BED}.Debug|Any CPU.ActiveCfg = Debug|Any CPU
		{9C5089F1-D08F-40B7-9892-3B2D6C409BED}.Debug|Any CPU.Build.0 = Debug|Any CPU
		{9C5089F1-D08F-40B7-9892-3B2D6C409BED}.Release|Any CPU.ActiveCfg = Release|Any CPU
		{9C5089F1-D08F-40B7-9892-3B2D6C409BED}.Release|Any CPU.Build.0 = Release|Any CPU
		{35067E7C-E60B-4E85-B8A2-2EE087E5DDD1}.Debug|Any CPU.ActiveCfg = Debug|Any CPU
		{35067E7C-E60B-4E85-B8A2-2EE087E5DDD1}.Debug|Any CPU.Build.0 = Debug|Any CPU
		{35067E7C-E60B-4E85-B8A2-2EE087E5DDD1}.Release|Any CPU.ActiveCfg = Release|Any CPU
		{35067E7C-E60B-4E85-B8A2-2EE087E5DDD1}.Release|Any CPU.Build.0 = Release|Any CPU
		{2FB02F22-3A68-4F25-8819-5DB200061C65}.Debug|Any CPU.ActiveCfg = Debug|Any CPU
		{2FB02F22-3A68-4F25-8819-5DB200061C65}.Debug|Any CPU.Build.0 = Debug|Any CPU
		{2FB02F22-3A68-4F25-8819-5DB200061C65}.Release|Any CPU.ActiveCfg = Release|Any CPU
		{2FB02F22-3A68-4F25-8819-5DB200061C65}.Release|Any CPU.Build.0 = Release|Any CPU
		{2482073B-BE03-47A2-86B4-13EA1C363CFA}.Debug|Any CPU.ActiveCfg = Debug|Any CPU
		{2482073B-BE03-47A2-86B4-13EA1C363CFA}.Debug|Any CPU.Build.0 = Debug|Any CPU
		{2482073B-BE03-47A2-86B4-13EA1C363CFA}.Release|Any CPU.ActiveCfg = Release|Any CPU
		{2482073B-BE03-47A2-86B4-13EA1C363CFA}.Release|Any CPU.Build.0 = Release|Any CPU
		{134D4429-1101-44CA-9737-36D2B11AF51B}.Debug|Any CPU.ActiveCfg = Debug|Any CPU
		{134D4429-1101-44CA-9737-36D2B11AF51B}.Debug|Any CPU.Build.0 = Debug|Any CPU
		{134D4429-1101-44CA-9737-36D2B11AF51B}.Release|Any CPU.ActiveCfg = Release|Any CPU
		{134D4429-1101-44CA-9737-36D2B11AF51B}.Release|Any CPU.Build.0 = Release|Any CPU
		{2D66E9A9-92BF-4605-B1F9-52B9E853C364}.Debug|Any CPU.ActiveCfg = Debug|Any CPU
		{2D66E9A9-92BF-4605-B1F9-52B9E853C364}.Debug|Any CPU.Build.0 = Debug|Any CPU
		{2D66E9A9-92BF-4605-B1F9-52B9E853C364}.Release|Any CPU.ActiveCfg = Release|Any CPU
		{2D66E9A9-92BF-4605-B1F9-52B9E853C364}.Release|Any CPU.Build.0 = Release|Any CPU
		{A21E2AA6-3DF0-40D0-A641-D2416EA8F02D}.Debug|Any CPU.ActiveCfg = Debug|Any CPU
		{A21E2AA6-3DF0-40D0-A641-D2416EA8F02D}.Debug|Any CPU.Build.0 = Debug|Any CPU
		{A21E2AA6-3DF0-40D0-A641-D2416EA8F02D}.Release|Any CPU.ActiveCfg = Release|Any CPU
		{A21E2AA6-3DF0-40D0-A641-D2416EA8F02D}.Release|Any CPU.Build.0 = Release|Any CPU
		{33FCCD2C-2555-44AF-B46B-CDBB6981A835}.Debug|Any CPU.ActiveCfg = Debug|Any CPU
		{33FCCD2C-2555-44AF-B46B-CDBB6981A835}.Debug|Any CPU.Build.0 = Debug|Any CPU
		{33FCCD2C-2555-44AF-B46B-CDBB6981A835}.Release|Any CPU.ActiveCfg = Release|Any CPU
		{33FCCD2C-2555-44AF-B46B-CDBB6981A835}.Release|Any CPU.Build.0 = Release|Any CPU
	EndGlobalSection
	GlobalSection(SolutionProperties) = preSolution
		HideSolutionNode = FALSE
	EndGlobalSection
	GlobalSection(ExtensibilityGlobals) = postSolution
		SolutionGuid = {8CB17381-50A4-4041-A2DC-74EFD2E3E64E}
	EndGlobalSection
EndGlobal
